
Microsoft Visual Studio Solution File, Format Version 12.00
# Visual Studio Version 17
VisualStudioVersion = 17.13.36105.23 d17.13
MinimumVisualStudioVersion = 10.0.40219.1
Project("{FAE04EC0-301F-11D3-BF4B-00C04F79EFBC}") = "PRN232_GradingSystem_API", "PRN232_GradingSystem_API\PRN232_GradingSystem_API.csproj", "{EE415261-FA0A-4D48-8721-8A2A4784E42B}"
EndProject
Project("{FAE04EC0-301F-11D3-BF4B-00C04F79EFBC}") = "PRN232_GradingSystem_Services", "PRN232_GradingSystem_Services\PRN232_GradingSystem_Services.csproj", "{97D51447-A64E-40E9-B5A3-42499183E936}"
EndProject
Project("{FAE04EC0-301F-11D3-BF4B-00C04F79EFBC}") = "PRN232_GradingSystem_Repositories", "PRN232_GradingSystem_Repositories\PRN232_GradingSystem_Repositories.csproj", "{743ACEB1-261A-4594-BF18-0855EDB649C6}"
EndProject
Global
	GlobalSection(SolutionConfigurationPlatforms) = preSolution
		Debug|Any CPU = Debug|Any CPU
		Release|Any CPU = Release|Any CPU
	EndGlobalSection
	GlobalSection(ProjectConfigurationPlatforms) = postSolution
		{EE415261-FA0A-4D48-8721-8A2A4784E42B}.Debug|Any CPU.ActiveCfg = Debug|Any CPU
		{EE415261-FA0A-4D48-8721-8A2A4784E42B}.Debug|Any CPU.Build.0 = Debug|Any CPU
		{EE415261-FA0A-4D48-8721-8A2A4784E42B}.Release|Any CPU.ActiveCfg = Release|Any CPU
		{EE415261-FA0A-4D48-8721-8A2A4784E42B}.Release|Any CPU.Build.0 = Release|Any CPU
		{97D51447-A64E-40E9-B5A3-42499183E936}.Debug|Any CPU.ActiveCfg = Debug|Any CPU
		{97D51447-A64E-40E9-B5A3-42499183E936}.Debug|Any CPU.Build.0 = Debug|Any CPU
		{97D51447-A64E-40E9-B5A3-42499183E936}.Release|Any CPU.ActiveCfg = Release|Any CPU
		{97D51447-A64E-40E9-B5A3-42499183E936}.Release|Any CPU.Build.0 = Release|Any CPU
		{743ACEB1-261A-4594-BF18-0855EDB649C6}.Debug|Any CPU.ActiveCfg = Debug|Any CPU
		{743ACEB1-261A-4594-BF18-0855EDB649C6}.Debug|Any CPU.Build.0 = Debug|Any CPU
		{743ACEB1-261A-4594-BF18-0855EDB649C6}.Release|Any CPU.ActiveCfg = Release|Any CPU
		{743ACEB1-261A-4594-BF18-0855EDB649C6}.Release|Any CPU.Build.0 = Release|Any CPU
	EndGlobalSection
	GlobalSection(SolutionProperties) = preSolution
		HideSolutionNode = FALSE
	EndGlobalSection
	GlobalSection(ExtensibilityGlobals) = postSolution
		SolutionGuid = {5309A5CF-A992-46C0-87E7-8042A3446172}
	EndGlobalSection
EndGlobal
